
Microsoft Visual Studio Solution File, Format Version 12.00
# Visual Studio Version 16
VisualStudioVersion = 16.0.31727.386
MinimumVisualStudioVersion = 10.0.40219.1
Project("{8BC9CEB8-8B4A-11D0-8D11-00A0C91BC942}") = "Call Of Duty 4 ImGui", "Call Of Duty 4 ImGui\Call Of Duty 4 ImGui.vcxproj", "{09126785-586B-4B21-962F-EFD7C6F00C66}"
EndProject
Global
	GlobalSection(SolutionConfigurationPlatforms) = preSolution
		Debug|x64 = Debug|x64
		Debug|x86 = Debug|x86
		Release|x64 = Release|x64
		Release|x86 = Release|x86
	EndGlobalSection
	GlobalSection(ProjectConfigurationPlatforms) = postSolution
		{09126785-586B-4B21-962F-EFD7C6F00C66}.Debug|x64.ActiveCfg = Debug|x64
		{09126785-586B-4B21-962F-EFD7C6F00C66}.Debug|x64.Build.0 = Debug|x64
		{09126785-586B-4B21-962F-EFD7C6F00C66}.Debug|x86.ActiveCfg = Debug|Win32
		{09126785-586B-4B21-962F-EFD7C6F00C66}.Debug|x86.Build.0 = Debug|Win32
		{09126785-586B-4B21-962F-EFD7C6F00C66}.Release|x64.ActiveCfg = Release|x64
		{09126785-586B-4B21-962F-EFD7C6F00C66}.Release|x64.Build.0 = Release|x64
		{09126785-586B-4B21-962F-EFD7C6F00C66}.Release|x86.ActiveCfg = Release|Win32
		{09126785-586B-4B21-962F-EFD7C6F00C66}.Release|x86.Build.0 = Release|Win32
	EndGlobalSection
	GlobalSection(SolutionProperties) = preSolution
		HideSolutionNode = FALSE
	EndGlobalSection
	GlobalSection(ExtensibilityGlobals) = postSolution
		SolutionGuid = {653B2F67-3B44-404E-B5F4-CCD6F73755ED}
	EndGlobalSection
EndGlobal
